
Microsoft Visual Studio Solution File, Format Version 12.00
# Visual Studio Version 17
VisualStudioVersion = 17.5.33516.290
MinimumVisualStudioVersion = 10.0.40219.1
Project("{FAE04EC0-301F-11D3-BF4B-00C04F79EFBC}") = "IteratorPattern.Menu", "IteratorPattern.Menu\IteratorPattern.Menu.csproj", "{C4E79A59-5799-4F60-A133-EB8039798606}"
EndProject
Global
	GlobalSection(SolutionConfigurationPlatforms) = preSolution
		Debug|Any CPU = Debug|Any CPU
		Release|Any CPU = Release|Any CPU
	EndGlobalSection
	GlobalSection(ProjectConfigurationPlatforms) = postSolution
		{C4E79A59-5799-4F60-A133-EB8039798606}.Debug|Any CPU.ActiveCfg = Debug|Any CPU
		{C4E79A59-5799-4F60-A133-EB8039798606}.Debug|Any CPU.Build.0 = Debug|Any CPU
		{C4E79A59-5799-4F60-A133-EB8039798606}.Release|Any CPU.ActiveCfg = Release|Any CPU
		{C4E79A59-5799-4F60-A133-EB8039798606}.Release|Any CPU.Build.0 = Release|Any CPU
	EndGlobalSection
	GlobalSection(SolutionProperties) = preSolution
		HideSolutionNode = FALSE
	EndGlobalSection
	GlobalSection(ExtensibilityGlobals) = postSolution
		SolutionGuid = {CB6222C4-00A4-4F8E-97D7-F84E4DBA6924}
	EndGlobalSection
EndGlobal
